
Microsoft Visual Studio Solution File, Format Version 12.00
# Visual Studio Version 17
VisualStudioVersion = 17.0.31903.59
MinimumVisualStudioVersion = 10.0.40219.1
Project("{FAE04EC0-301F-11D3-BF4B-00C04F79EFBC}") = "ChainConstructors", "ChainConstructors\ChainConstructors.csproj", "{1CB60E44-2BCF-426A-9A1C-64598F2BF93E}"
EndProject
Project("{FAE04EC0-301F-11D3-BF4B-00C04F79EFBC}") = "RefactoringToPatterns.Tests", "RefactoringToPatterns.Tests\RefactoringToPatterns.Tests.csproj", "{8213AEB1-28B3-4811-B053-E5ACB063C625}"
EndProject
Project("{FAE04EC0-301F-11D3-BF4B-00C04F79EFBC}") = "ComposeMethod", "ComposeMethod\ComposeMethod.csproj", "{DB582B2C-1FED-426E-8DBC-9618ECA07843}"
EndProject
Project("{FAE04EC0-301F-11D3-BF4B-00C04F79EFBC}") = "EncapsulateClassesWithFactory", "EncapsulateClassesWithFactory\EncapsulateClassesWithFactory.csproj", "{DA48A73D-BCB4-4841-B906-AF17223C4216}"
EndProject
Project("{FAE04EC0-301F-11D3-BF4B-00C04F79EFBC}") = "EncapsulateCompositeWithBuilder", "EncapsulateCompositeWithBuilder\EncapsulateCompositeWithBuilder.csproj", "{5D0571D9-6236-4B61-9D2C-DFA104EE8FDE}"
EndProject
Project("{FAE04EC0-301F-11D3-BF4B-00C04F79EFBC}") = "ExtractComposite", "ExtractComposite\ExtractComposite.csproj", "{72AC3E7F-F975-4C8E-9467-ED25F2E157A1}"
EndProject
Project("{FAE04EC0-301F-11D3-BF4B-00C04F79EFBC}") = "FormTemplateMethod", "FormTemplateMethod\FormTemplateMethod.csproj", "{48DAF753-D5A4-4A07-916F-C4EC357D1CB4}"
EndProject
Project("{FAE04EC0-301F-11D3-BF4B-00C04F79EFBC}") = "MoveAccumulationToCollectingParameter", "MoveAccumulationToCollectingParameter\MoveAccumulationToCollectingParameter.csproj", "{13B2BECE-5C4C-4B02-909B-DFB4A79EA365}"
EndProject
Project("{FAE04EC0-301F-11D3-BF4B-00C04F79EFBC}") = "PolymorphicCreationWithFactoryMethod", "PolymorphicCreationWithFactoryMethod\PolymorphicCreationWithFactoryMethod.csproj", "{8A8814A3-12A5-4FCA-B1E4-E15C707B8792}"
EndProject
Project("{FAE04EC0-301F-11D3-BF4B-00C04F79EFBC}") = "ReplaceConditionalLogicWithStrategy", "ReplaceConditionalLogicWithStrategy\ReplaceConditionalLogicWithStrategy.csproj", "{35D3F50D-67B5-4BFF-82B0-9589E991BBD2}"
EndProject
Project("{FAE04EC0-301F-11D3-BF4B-00C04F79EFBC}") = "ReplaceConstructorsWithCreationMethods", "ReplaceConstructorsWithCreationMethods\ReplaceConstructorsWithCreationMethods.csproj", "{6199BC44-A3C7-44F3-9797-83AC3C6D838D}"
EndProject
Project("{FAE04EC0-301F-11D3-BF4B-00C04F79EFBC}") = "ReplaceImplicitTreeWithComposite", "ReplaceImplicitTreeWithComposite\ReplaceImplicitTreeWithComposite.csproj", "{9804726E-C265-4CA3-80A7-3A268DB210C6}"
EndProject
Global
	GlobalSection(SolutionConfigurationPlatforms) = preSolution
		Debug|Any CPU = Debug|Any CPU
		Release|Any CPU = Release|Any CPU
	EndGlobalSection
	GlobalSection(SolutionProperties) = preSolution
		HideSolutionNode = FALSE
	EndGlobalSection
	GlobalSection(ProjectConfigurationPlatforms) = postSolution
		{1CB60E44-2BCF-426A-9A1C-64598F2BF93E}.Debug|Any CPU.ActiveCfg = Debug|Any CPU
		{1CB60E44-2BCF-426A-9A1C-64598F2BF93E}.Debug|Any CPU.Build.0 = Debug|Any CPU
		{1CB60E44-2BCF-426A-9A1C-64598F2BF93E}.Release|Any CPU.ActiveCfg = Debug|Any CPU
		{1CB60E44-2BCF-426A-9A1C-64598F2BF93E}.Release|Any CPU.Build.0 = Debug|Any CPU
		{8213AEB1-28B3-4811-B053-E5ACB063C625}.Debug|Any CPU.ActiveCfg = Debug|Any CPU
		{8213AEB1-28B3-4811-B053-E5ACB063C625}.Debug|Any CPU.Build.0 = Debug|Any CPU
		{8213AEB1-28B3-4811-B053-E5ACB063C625}.Release|Any CPU.ActiveCfg = Release|Any CPU
		{8213AEB1-28B3-4811-B053-E5ACB063C625}.Release|Any CPU.Build.0 = Release|Any CPU
		{DB582B2C-1FED-426E-8DBC-9618ECA07843}.Debug|Any CPU.ActiveCfg = Debug|Any CPU
		{DB582B2C-1FED-426E-8DBC-9618ECA07843}.Debug|Any CPU.Build.0 = Debug|Any CPU
		{DB582B2C-1FED-426E-8DBC-9618ECA07843}.Release|Any CPU.ActiveCfg = Debug|Any CPU
		{DB582B2C-1FED-426E-8DBC-9618ECA07843}.Release|Any CPU.Build.0 = Debug|Any CPU
		{DA48A73D-BCB4-4841-B906-AF17223C4216}.Debug|Any CPU.ActiveCfg = Debug|Any CPU
		{DA48A73D-BCB4-4841-B906-AF17223C4216}.Debug|Any CPU.Build.0 = Debug|Any CPU
		{DA48A73D-BCB4-4841-B906-AF17223C4216}.Release|Any CPU.ActiveCfg = Release|Any CPU
		{DA48A73D-BCB4-4841-B906-AF17223C4216}.Release|Any CPU.Build.0 = Release|Any CPU
		{5D0571D9-6236-4B61-9D2C-DFA104EE8FDE}.Debug|Any CPU.ActiveCfg = Debug|Any CPU
		{5D0571D9-6236-4B61-9D2C-DFA104EE8FDE}.Debug|Any CPU.Build.0 = Debug|Any CPU
		{5D0571D9-6236-4B61-9D2C-DFA104EE8FDE}.Release|Any CPU.ActiveCfg = Release|Any CPU
		{5D0571D9-6236-4B61-9D2C-DFA104EE8FDE}.Release|Any CPU.Build.0 = Release|Any CPU
		{72AC3E7F-F975-4C8E-9467-ED25F2E157A1}.Debug|Any CPU.ActiveCfg = Debug|Any CPU
		{72AC3E7F-F975-4C8E-9467-ED25F2E157A1}.Debug|Any CPU.Build.0 = Debug|Any CPU
		{72AC3E7F-F975-4C8E-9467-ED25F2E157A1}.Release|Any CPU.ActiveCfg = Release|Any CPU
		{72AC3E7F-F975-4C8E-9467-ED25F2E157A1}.Release|Any CPU.Build.0 = Release|Any CPU
		{48DAF753-D5A4-4A07-916F-C4EC357D1CB4}.Debug|Any CPU.ActiveCfg = Debug|Any CPU
		{48DAF753-D5A4-4A07-916F-C4EC357D1CB4}.Debug|Any CPU.Build.0 = Debug|Any CPU
		{48DAF753-D5A4-4A07-916F-C4EC357D1CB4}.Release|Any CPU.ActiveCfg = Release|Any CPU
		{48DAF753-D5A4-4A07-916F-C4EC357D1CB4}.Release|Any CPU.Build.0 = Release|Any CPU
		{13B2BECE-5C4C-4B02-909B-DFB4A79EA365}.Debug|Any CPU.ActiveCfg = Debug|Any CPU
		{13B2BECE-5C4C-4B02-909B-DFB4A79EA365}.Debug|Any CPU.Build.0 = Debug|Any CPU
		{13B2BECE-5C4C-4B02-909B-DFB4A79EA365}.Release|Any CPU.ActiveCfg = Release|Any CPU
		{13B2BECE-5C4C-4B02-909B-DFB4A79EA365}.Release|Any CPU.Build.0 = Release|Any CPU
		{8A8814A3-12A5-4FCA-B1E4-E15C707B8792}.Debug|Any CPU.ActiveCfg = Debug|Any CPU
		{8A8814A3-12A5-4FCA-B1E4-E15C707B8792}.Debug|Any CPU.Build.0 = Debug|Any CPU
		{8A8814A3-12A5-4FCA-B1E4-E15C707B8792}.Release|Any CPU.ActiveCfg = Release|Any CPU
		{8A8814A3-12A5-4FCA-B1E4-E15C707B8792}.Release|Any CPU.Build.0 = Release|Any CPU
		{35D3F50D-67B5-4BFF-82B0-9589E991BBD2}.Debug|Any CPU.ActiveCfg = Debug|Any CPU
		{35D3F50D-67B5-4BFF-82B0-9589E991BBD2}.Debug|Any CPU.Build.0 = Debug|Any CPU
		{35D3F50D-67B5-4BFF-82B0-9589E991BBD2}.Release|Any CPU.ActiveCfg = Release|Any CPU
		{35D3F50D-67B5-4BFF-82B0-9589E991BBD2}.Release|Any CPU.Build.0 = Release|Any CPU
		{6199BC44-A3C7-44F3-9797-83AC3C6D838D}.Debug|Any CPU.ActiveCfg = Debug|Any CPU
		{6199BC44-A3C7-44F3-9797-83AC3C6D838D}.Debug|Any CPU.Build.0 = Debug|Any CPU
		{6199BC44-A3C7-44F3-9797-83AC3C6D838D}.Release|Any CPU.ActiveCfg = Release|Any CPU
		{6199BC44-A3C7-44F3-9797-83AC3C6D838D}.Release|Any CPU.Build.0 = Release|Any CPU
		{9804726E-C265-4CA3-80A7-3A268DB210C6}.Debug|Any CPU.ActiveCfg = Debug|Any CPU
		{9804726E-C265-4CA3-80A7-3A268DB210C6}.Debug|Any CPU.Build.0 = Debug|Any CPU
		{9804726E-C265-4CA3-80A7-3A268DB210C6}.Release|Any CPU.ActiveCfg = Release|Any CPU
		{9804726E-C265-4CA3-80A7-3A268DB210C6}.Release|Any CPU.Build.0 = Release|Any CPU
	EndGlobalSection
EndGlobal
